
Microsoft Visual Studio Solution File, Format Version 12.00
# Visual Studio 15
Project("{FAE04EC0-301F-11D3-BF4B-00C04F79EFBC}") = "Assembly-CSharp", "Assembly-CSharp.csproj", "{F2ABC96F-5022-38BC-CE94-DBE63FDB3689}"
EndProject
Project("{FAE04EC0-301F-11D3-BF4B-00C04F79EFBC}") = "Assembly-CSharp-Editor", "Assembly-CSharp-Editor.csproj", "{C6B6F337-555F-92D2-FF7E-9AC0C3C62FF0}"
EndProject
Global
	GlobalSection(SolutionConfigurationPlatforms) = preSolution
		Debug|Any CPU = Debug|Any CPU
		Release|Any CPU = Release|Any CPU
	EndGlobalSection
	GlobalSection(ProjectConfigurationPlatforms) = postSolution
		{F2ABC96F-5022-38BC-CE94-DBE63FDB3689}.Debug|Any CPU.ActiveCfg = Debug|Any CPU
		{F2ABC96F-5022-38BC-CE94-DBE63FDB3689}.Debug|Any CPU.Build.0 = Debug|Any CPU
		{F2ABC96F-5022-38BC-CE94-DBE63FDB3689}.Release|Any CPU.ActiveCfg = Release|Any CPU
		{F2ABC96F-5022-38BC-CE94-DBE63FDB3689}.Release|Any CPU.Build.0 = Release|Any CPU
		{C6B6F337-555F-92D2-FF7E-9AC0C3C62FF0}.Debug|Any CPU.ActiveCfg = Debug|Any CPU
		{C6B6F337-555F-92D2-FF7E-9AC0C3C62FF0}.Debug|Any CPU.Build.0 = Debug|Any CPU
		{C6B6F337-555F-92D2-FF7E-9AC0C3C62FF0}.Release|Any CPU.ActiveCfg = Release|Any CPU
		{C6B6F337-555F-92D2-FF7E-9AC0C3C62FF0}.Release|Any CPU.Build.0 = Release|Any CPU
	EndGlobalSection
	GlobalSection(SolutionProperties) = preSolution
		HideSolutionNode = FALSE
	EndGlobalSection
EndGlobal
