
Microsoft Visual Studio Solution File, Format Version 12.00
# Visual Studio 15
Project("{FAE04EC0-301F-11D3-BF4B-00C04F79EFBC}") = "Assembly-CSharp", "Assembly-CSharp.csproj", "{A9656EE3-B17A-E32D-8F87-0DF6B39B8F31}"
EndProject
Project("{FAE04EC0-301F-11D3-BF4B-00C04F79EFBC}") = "Assembly-CSharp-Editor", "Assembly-CSharp-Editor.csproj", "{5891DB99-AF86-05BE-66AC-F5DCFFA03FB5}"
EndProject
Global
	GlobalSection(SolutionConfigurationPlatforms) = preSolution
		Debug|Any CPU = Debug|Any CPU
		Release|Any CPU = Release|Any CPU
	EndGlobalSection
	GlobalSection(ProjectConfigurationPlatforms) = postSolution
		{A9656EE3-B17A-E32D-8F87-0DF6B39B8F31}.Debug|Any CPU.ActiveCfg = Debug|Any CPU
		{A9656EE3-B17A-E32D-8F87-0DF6B39B8F31}.Debug|Any CPU.Build.0 = Debug|Any CPU
		{A9656EE3-B17A-E32D-8F87-0DF6B39B8F31}.Release|Any CPU.ActiveCfg = Release|Any CPU
		{A9656EE3-B17A-E32D-8F87-0DF6B39B8F31}.Release|Any CPU.Build.0 = Release|Any CPU
		{5891DB99-AF86-05BE-66AC-F5DCFFA03FB5}.Debug|Any CPU.ActiveCfg = Debug|Any CPU
		{5891DB99-AF86-05BE-66AC-F5DCFFA03FB5}.Debug|Any CPU.Build.0 = Debug|Any CPU
		{5891DB99-AF86-05BE-66AC-F5DCFFA03FB5}.Release|Any CPU.ActiveCfg = Release|Any CPU
		{5891DB99-AF86-05BE-66AC-F5DCFFA03FB5}.Release|Any CPU.Build.0 = Release|Any CPU
	EndGlobalSection
	GlobalSection(SolutionProperties) = preSolution
		HideSolutionNode = FALSE
	EndGlobalSection
EndGlobal
